
Microsoft Visual Studio Solution File, Format Version 12.00
# Visual Studio 15
VisualStudioVersion = 15.0.26730.15
MinimumVisualStudioVersion = 10.0.40219.1
Project("{888888A0-9F3D-457C-B088-3A5042F75D52}") = "01. Hello CSharp", "01. Hello CSharp\01. Hello CSharp.pyproj", "{17CCFA69-30C2-44D7-B523-F2F4BA57FF65}"
EndProject
Project("{888888A0-9F3D-457C-B088-3A5042F75D52}") = "02. Expression", "02. Expression\02. Expression.pyproj", "{70B2EC04-D4E8-4B77-A3B5-5C3BC56983D0}"
EndProject
Project("{888888A0-9F3D-457C-B088-3A5042F75D52}") = "03. Nums 1...20", "03. Nums 1...20\03. Nums 1...20.pyproj", "{7649E0D2-A0EC-43B9-8A72-EB34BAF5C44D}"
EndProject
Project("{888888A0-9F3D-457C-B088-3A5042F75D52}") = "04. Triangle of 55 Stars", "04. Triangle of 55 Stars\04. Triangle of 55 Stars.pyproj", "{E6F5C807-FB17-4F9B-A816-A1B28768FFAE}"
EndProject
Project("{888888A0-9F3D-457C-B088-3A5042F75D52}") = "05. Rectangle Area", "05. Rectangle Area\05. Rectangle Area.pyproj", "{D4A01C4F-9C43-4617-B9E9-80D1656EA657}"
EndProject
Project("{888888A0-9F3D-457C-B088-3A5042F75D52}") = "06. Square of Stars", "06. Square of Stars\06. Square of Stars.pyproj", "{D4E428F1-7256-4B14-902D-CBEF84152E54}"
EndProject
Global
	GlobalSection(SolutionConfigurationPlatforms) = preSolution
		Debug|Any CPU = Debug|Any CPU
		Release|Any CPU = Release|Any CPU
	EndGlobalSection
	GlobalSection(ProjectConfigurationPlatforms) = postSolution
		{17CCFA69-30C2-44D7-B523-F2F4BA57FF65}.Debug|Any CPU.ActiveCfg = Debug|Any CPU
		{17CCFA69-30C2-44D7-B523-F2F4BA57FF65}.Release|Any CPU.ActiveCfg = Release|Any CPU
		{70B2EC04-D4E8-4B77-A3B5-5C3BC56983D0}.Debug|Any CPU.ActiveCfg = Debug|Any CPU
		{70B2EC04-D4E8-4B77-A3B5-5C3BC56983D0}.Release|Any CPU.ActiveCfg = Release|Any CPU
		{7649E0D2-A0EC-43B9-8A72-EB34BAF5C44D}.Debug|Any CPU.ActiveCfg = Debug|Any CPU
		{7649E0D2-A0EC-43B9-8A72-EB34BAF5C44D}.Release|Any CPU.ActiveCfg = Release|Any CPU
		{E6F5C807-FB17-4F9B-A816-A1B28768FFAE}.Debug|Any CPU.ActiveCfg = Debug|Any CPU
		{E6F5C807-FB17-4F9B-A816-A1B28768FFAE}.Release|Any CPU.ActiveCfg = Release|Any CPU
		{D4A01C4F-9C43-4617-B9E9-80D1656EA657}.Debug|Any CPU.ActiveCfg = Debug|Any CPU
		{D4A01C4F-9C43-4617-B9E9-80D1656EA657}.Release|Any CPU.ActiveCfg = Release|Any CPU
		{D4E428F1-7256-4B14-902D-CBEF84152E54}.Debug|Any CPU.ActiveCfg = Debug|Any CPU
		{D4E428F1-7256-4B14-902D-CBEF84152E54}.Release|Any CPU.ActiveCfg = Release|Any CPU
	EndGlobalSection
	GlobalSection(SolutionProperties) = preSolution
		HideSolutionNode = FALSE
	EndGlobalSection
	GlobalSection(ExtensibilityGlobals) = postSolution
		SolutionGuid = {A8DB4AC4-55D3-43FC-92DA-F227F99C9DC1}
	EndGlobalSection
EndGlobal
