
Microsoft Visual Studio Solution File, Format Version 12.00
# Visual Studio 15
VisualStudioVersion = 15.0.28010.2036
MinimumVisualStudioVersion = 10.0.40219.1
Project("{9A19103F-16F7-4668-BE54-9A1E7A4F7556}") = "SIS.HTTP", "SIS.HTTP\SIS.HTTP.csproj", "{4D428929-691A-49A2-B103-68007E347B30}"
EndProject
Project("{9A19103F-16F7-4668-BE54-9A1E7A4F7556}") = "SIS.WEBSERVER", "SIS.WEBSERVER\SIS.WEBSERVER.csproj", "{521FC90C-2D59-4B0B-87AD-7DFF69E47878}"
EndProject
Project("{9A19103F-16F7-4668-BE54-9A1E7A4F7556}") = "SIS.FRAMEWORK", "SIS.FRAMEWORK\SIS.FRAMEWORK.csproj", "{06F317C5-5B46-4E40-AA45-478F9A3B01B4}"
EndProject
Project("{2150E333-8FDC-42A3-9474-1A3956D46DE8}") = "App", "App", "{D7D733BA-55CB-4EED-8A92-EEE0187A1CCD}"
EndProject
Project("{9A19103F-16F7-4668-BE54-9A1E7A4F7556}") = "TORSHIA", "App\TORSHIA\TORSHIA.csproj", "{A97C98AD-4F6F-4D6B-B01C-17E1F87D2796}"
EndProject
Project("{9A19103F-16F7-4668-BE54-9A1E7A4F7556}") = "TORSHIA.Data", "App\TORSHIA.Data\TORSHIA.Data.csproj", "{4BFAEA18-39EE-4720-8444-35F7A5EF3CF7}"
EndProject
Project("{9A19103F-16F7-4668-BE54-9A1E7A4F7556}") = "TORSHIA.Models", "App\TORSHIA.Models\TORSHIA.Models.csproj", "{870E0E26-FFFB-4087-B7DB-FCC05C832914}"
EndProject
Global
	GlobalSection(SolutionConfigurationPlatforms) = preSolution
		Debug|Any CPU = Debug|Any CPU
		Release|Any CPU = Release|Any CPU
	EndGlobalSection
	GlobalSection(ProjectConfigurationPlatforms) = postSolution
		{4D428929-691A-49A2-B103-68007E347B30}.Debug|Any CPU.ActiveCfg = Debug|Any CPU
		{4D428929-691A-49A2-B103-68007E347B30}.Debug|Any CPU.Build.0 = Debug|Any CPU
		{4D428929-691A-49A2-B103-68007E347B30}.Release|Any CPU.ActiveCfg = Release|Any CPU
		{4D428929-691A-49A2-B103-68007E347B30}.Release|Any CPU.Build.0 = Release|Any CPU
		{521FC90C-2D59-4B0B-87AD-7DFF69E47878}.Debug|Any CPU.ActiveCfg = Debug|Any CPU
		{521FC90C-2D59-4B0B-87AD-7DFF69E47878}.Debug|Any CPU.Build.0 = Debug|Any CPU
		{521FC90C-2D59-4B0B-87AD-7DFF69E47878}.Release|Any CPU.ActiveCfg = Release|Any CPU
		{521FC90C-2D59-4B0B-87AD-7DFF69E47878}.Release|Any CPU.Build.0 = Release|Any CPU
		{06F317C5-5B46-4E40-AA45-478F9A3B01B4}.Debug|Any CPU.ActiveCfg = Debug|Any CPU
		{06F317C5-5B46-4E40-AA45-478F9A3B01B4}.Debug|Any CPU.Build.0 = Debug|Any CPU
		{06F317C5-5B46-4E40-AA45-478F9A3B01B4}.Release|Any CPU.ActiveCfg = Release|Any CPU
		{06F317C5-5B46-4E40-AA45-478F9A3B01B4}.Release|Any CPU.Build.0 = Release|Any CPU
		{A97C98AD-4F6F-4D6B-B01C-17E1F87D2796}.Debug|Any CPU.ActiveCfg = Debug|Any CPU
		{A97C98AD-4F6F-4D6B-B01C-17E1F87D2796}.Debug|Any CPU.Build.0 = Debug|Any CPU
		{A97C98AD-4F6F-4D6B-B01C-17E1F87D2796}.Release|Any CPU.ActiveCfg = Release|Any CPU
		{A97C98AD-4F6F-4D6B-B01C-17E1F87D2796}.Release|Any CPU.Build.0 = Release|Any CPU
		{4BFAEA18-39EE-4720-8444-35F7A5EF3CF7}.Debug|Any CPU.ActiveCfg = Debug|Any CPU
		{4BFAEA18-39EE-4720-8444-35F7A5EF3CF7}.Debug|Any CPU.Build.0 = Debug|Any CPU
		{4BFAEA18-39EE-4720-8444-35F7A5EF3CF7}.Release|Any CPU.ActiveCfg = Release|Any CPU
		{4BFAEA18-39EE-4720-8444-35F7A5EF3CF7}.Release|Any CPU.Build.0 = Release|Any CPU
		{870E0E26-FFFB-4087-B7DB-FCC05C832914}.Debug|Any CPU.ActiveCfg = Debug|Any CPU
		{870E0E26-FFFB-4087-B7DB-FCC05C832914}.Debug|Any CPU.Build.0 = Debug|Any CPU
		{870E0E26-FFFB-4087-B7DB-FCC05C832914}.Release|Any CPU.ActiveCfg = Release|Any CPU
		{870E0E26-FFFB-4087-B7DB-FCC05C832914}.Release|Any CPU.Build.0 = Release|Any CPU
	EndGlobalSection
	GlobalSection(SolutionProperties) = preSolution
		HideSolutionNode = FALSE
	EndGlobalSection
	GlobalSection(NestedProjects) = preSolution
		{A97C98AD-4F6F-4D6B-B01C-17E1F87D2796} = {D7D733BA-55CB-4EED-8A92-EEE0187A1CCD}
		{4BFAEA18-39EE-4720-8444-35F7A5EF3CF7} = {D7D733BA-55CB-4EED-8A92-EEE0187A1CCD}
		{870E0E26-FFFB-4087-B7DB-FCC05C832914} = {D7D733BA-55CB-4EED-8A92-EEE0187A1CCD}
	EndGlobalSection
	GlobalSection(ExtensibilityGlobals) = postSolution
		SolutionGuid = {0313B115-6750-4168-A027-81C7B3E33BB4}
	EndGlobalSection
EndGlobal
