
Microsoft Visual Studio Solution File, Format Version 12.00
# Visual Studio 15
VisualStudioVersion = 15.0.28010.2036
MinimumVisualStudioVersion = 10.0.40219.1
Project("{FAE04EC0-301F-11D3-BF4B-00C04F79EFBC}") = "SIS.HTTP", "SIS.HTTP\SIS.HTTP.csproj", "{4D428929-691A-49A2-B103-68007E347B30}"
EndProject
Project("{FAE04EC0-301F-11D3-BF4B-00C04F79EFBC}") = "SIS.WEBSERVER", "SIS.WEBSERVER\SIS.WEBSERVER.csproj", "{521FC90C-2D59-4B0B-87AD-7DFF69E47878}"
EndProject
Global
	GlobalSection(SolutionConfigurationPlatforms) = preSolution
		Debug|Any CPU = Debug|Any CPU
		Release|Any CPU = Release|Any CPU
	EndGlobalSection
	GlobalSection(ProjectConfigurationPlatforms) = postSolution
		{4D428929-691A-49A2-B103-68007E347B30}.Debug|Any CPU.ActiveCfg = Debug|Any CPU
		{4D428929-691A-49A2-B103-68007E347B30}.Debug|Any CPU.Build.0 = Debug|Any CPU
		{4D428929-691A-49A2-B103-68007E347B30}.Release|Any CPU.ActiveCfg = Release|Any CPU
		{4D428929-691A-49A2-B103-68007E347B30}.Release|Any CPU.Build.0 = Release|Any CPU
		{521FC90C-2D59-4B0B-87AD-7DFF69E47878}.Debug|Any CPU.ActiveCfg = Debug|Any CPU
		{521FC90C-2D59-4B0B-87AD-7DFF69E47878}.Debug|Any CPU.Build.0 = Debug|Any CPU
		{521FC90C-2D59-4B0B-87AD-7DFF69E47878}.Release|Any CPU.ActiveCfg = Release|Any CPU
		{521FC90C-2D59-4B0B-87AD-7DFF69E47878}.Release|Any CPU.Build.0 = Release|Any CPU
	EndGlobalSection
	GlobalSection(SolutionProperties) = preSolution
		HideSolutionNode = FALSE
	EndGlobalSection
	GlobalSection(ExtensibilityGlobals) = postSolution
		SolutionGuid = {0313B115-6750-4168-A027-81C7B3E33BB4}
	EndGlobalSection
EndGlobal
