
Microsoft Visual Studio Solution File, Format Version 12.00
# Visual Studio 15
VisualStudioVersion = 15.0.27130.2036
MinimumVisualStudioVersion = 10.0.40219.1
Project("{FAE04EC0-301F-11D3-BF4B-00C04F79EFBC}") = "Forum.App", "Forum.App\Forum.App.csproj", "{00457B98-ECB7-49F0-B77D-EE51F7F3C8EE}"
EndProject
Project("{FAE04EC0-301F-11D3-BF4B-00C04F79EFBC}") = "Forum.Models", "Forum.Models\Forum.Models.csproj", "{97CB8389-E531-43CB-BE53-987752234BD9}"
EndProject
Project("{FAE04EC0-301F-11D3-BF4B-00C04F79EFBC}") = "Forum.Data", "Forum.Data\Forum.Data.csproj", "{547E08A9-658F-470A-92F8-222869BA8AC6}"
EndProject
Global
	GlobalSection(SolutionConfigurationPlatforms) = preSolution
		Debug|Any CPU = Debug|Any CPU
		Release|Any CPU = Release|Any CPU
	EndGlobalSection
	GlobalSection(ProjectConfigurationPlatforms) = postSolution
		{00457B98-ECB7-49F0-B77D-EE51F7F3C8EE}.Debug|Any CPU.ActiveCfg = Debug|Any CPU
		{00457B98-ECB7-49F0-B77D-EE51F7F3C8EE}.Debug|Any CPU.Build.0 = Debug|Any CPU
		{00457B98-ECB7-49F0-B77D-EE51F7F3C8EE}.Release|Any CPU.ActiveCfg = Release|Any CPU
		{00457B98-ECB7-49F0-B77D-EE51F7F3C8EE}.Release|Any CPU.Build.0 = Release|Any CPU
		{97CB8389-E531-43CB-BE53-987752234BD9}.Debug|Any CPU.ActiveCfg = Debug|Any CPU
		{97CB8389-E531-43CB-BE53-987752234BD9}.Debug|Any CPU.Build.0 = Debug|Any CPU
		{97CB8389-E531-43CB-BE53-987752234BD9}.Release|Any CPU.ActiveCfg = Release|Any CPU
		{97CB8389-E531-43CB-BE53-987752234BD9}.Release|Any CPU.Build.0 = Release|Any CPU
		{547E08A9-658F-470A-92F8-222869BA8AC6}.Debug|Any CPU.ActiveCfg = Debug|Any CPU
		{547E08A9-658F-470A-92F8-222869BA8AC6}.Debug|Any CPU.Build.0 = Debug|Any CPU
		{547E08A9-658F-470A-92F8-222869BA8AC6}.Release|Any CPU.ActiveCfg = Release|Any CPU
		{547E08A9-658F-470A-92F8-222869BA8AC6}.Release|Any CPU.Build.0 = Release|Any CPU
	EndGlobalSection
	GlobalSection(SolutionProperties) = preSolution
		HideSolutionNode = FALSE
	EndGlobalSection
	GlobalSection(ExtensibilityGlobals) = postSolution
		SolutionGuid = {99D58223-E99F-4A18-A8AE-01838EAB27AE}
	EndGlobalSection
EndGlobal
