
Microsoft Visual Studio Solution File, Format Version 12.00
# Visual Studio 15
VisualStudioVersion = 15.0.26430.6
MinimumVisualStudioVersion = 10.0.40219.1
Project("{FAE04EC0-301F-11D3-BF4B-00C04F79EFBC}") = "01. Passed", "01. Passed\01. Passed.csproj", "{963AA09B-3115-4261-99D7-228115FC8B04}"
EndProject
Project("{FAE04EC0-301F-11D3-BF4B-00C04F79EFBC}") = "02. Passed or Failed", "02. Passed or Failed\02. Passed or Failed.csproj", "{36135573-D9F0-404F-BA77-8C743FD5C841}"
EndProject
Project("{FAE04EC0-301F-11D3-BF4B-00C04F79EFBC}") = "03. Back in 30 Minutes", "03. Back in 30 Minutes\03. Back in 30 Minutes.csproj", "{912A24BE-D56C-4796-B38C-14641D60226E}"
EndProject
Project("{FAE04EC0-301F-11D3-BF4B-00C04F79EFBC}") = "04. Month Printer", "04. Month Printer\04. Month Printer.csproj", "{FEA43EA9-43AD-4281-B68B-1A6D024E95E7}"
EndProject
Project("{FAE04EC0-301F-11D3-BF4B-00C04F79EFBC}") = "05. Foreign Languages", "05. Foreign Languages\05. Foreign Languages.csproj", "{903272EE-A30F-49CE-AB5C-B2D8D391639B}"
EndProject
Project("{FAE04EC0-301F-11D3-BF4B-00C04F79EFBC}") = "06. Theatre Promotion", "06. Theatre Promotion\06. Theatre Promotion.csproj", "{E0AFC79E-D50F-46FA-9B3D-148EAA92A45E}"
EndProject
Project("{FAE04EC0-301F-11D3-BF4B-00C04F79EFBC}") = "07. Divisible by 3", "07. Divisible by 3\07. Divisible by 3.csproj", "{667CB2F9-224C-4A3F-BA7A-2DFC8AB1A3A7}"
EndProject
Project("{FAE04EC0-301F-11D3-BF4B-00C04F79EFBC}") = "08. Sum of Odd Numbers", "08. Sum of Odd Numbers\08. Sum of Odd Numbers.csproj", "{025D37F9-67AE-4EBA-8F7D-1A25ACB7E809}"
EndProject
Project("{FAE04EC0-301F-11D3-BF4B-00C04F79EFBC}") = "09. Multiplication Table", "09. Multiplication Table\09. Multiplication Table.csproj", "{8BBA72F4-0560-49E9-8144-EC0993B2CB64}"
EndProject
Project("{FAE04EC0-301F-11D3-BF4B-00C04F79EFBC}") = "10. Multiplication Table 2.0", "10. Multiplication Table 2.0\10. Multiplication Table 2.0.csproj", "{FEDA07D6-542B-4F8F-BB6D-E13D06C1B965}"
EndProject
Project("{FAE04EC0-301F-11D3-BF4B-00C04F79EFBC}") = "11. Odd Number", "11. Odd Number\11. Odd Number.csproj", "{8BC2B2F3-79AE-46E8-BF4B-3D6ADC33B181}"
EndProject
Project("{FAE04EC0-301F-11D3-BF4B-00C04F79EFBC}") = "12. Number Checker", "12. Number Checker\12. Number Checker.csproj", "{C2900BED-A8E2-45F9-BD84-AFFF70AE46ED}"
EndProject
Global
	GlobalSection(SolutionConfigurationPlatforms) = preSolution
		Debug|Any CPU = Debug|Any CPU
		Release|Any CPU = Release|Any CPU
	EndGlobalSection
	GlobalSection(ProjectConfigurationPlatforms) = postSolution
		{963AA09B-3115-4261-99D7-228115FC8B04}.Debug|Any CPU.ActiveCfg = Debug|Any CPU
		{963AA09B-3115-4261-99D7-228115FC8B04}.Debug|Any CPU.Build.0 = Debug|Any CPU
		{963AA09B-3115-4261-99D7-228115FC8B04}.Release|Any CPU.ActiveCfg = Release|Any CPU
		{963AA09B-3115-4261-99D7-228115FC8B04}.Release|Any CPU.Build.0 = Release|Any CPU
		{36135573-D9F0-404F-BA77-8C743FD5C841}.Debug|Any CPU.ActiveCfg = Debug|Any CPU
		{36135573-D9F0-404F-BA77-8C743FD5C841}.Debug|Any CPU.Build.0 = Debug|Any CPU
		{36135573-D9F0-404F-BA77-8C743FD5C841}.Release|Any CPU.ActiveCfg = Release|Any CPU
		{36135573-D9F0-404F-BA77-8C743FD5C841}.Release|Any CPU.Build.0 = Release|Any CPU
		{912A24BE-D56C-4796-B38C-14641D60226E}.Debug|Any CPU.ActiveCfg = Debug|Any CPU
		{912A24BE-D56C-4796-B38C-14641D60226E}.Debug|Any CPU.Build.0 = Debug|Any CPU
		{912A24BE-D56C-4796-B38C-14641D60226E}.Release|Any CPU.ActiveCfg = Release|Any CPU
		{912A24BE-D56C-4796-B38C-14641D60226E}.Release|Any CPU.Build.0 = Release|Any CPU
		{FEA43EA9-43AD-4281-B68B-1A6D024E95E7}.Debug|Any CPU.ActiveCfg = Debug|Any CPU
		{FEA43EA9-43AD-4281-B68B-1A6D024E95E7}.Debug|Any CPU.Build.0 = Debug|Any CPU
		{FEA43EA9-43AD-4281-B68B-1A6D024E95E7}.Release|Any CPU.ActiveCfg = Release|Any CPU
		{FEA43EA9-43AD-4281-B68B-1A6D024E95E7}.Release|Any CPU.Build.0 = Release|Any CPU
		{903272EE-A30F-49CE-AB5C-B2D8D391639B}.Debug|Any CPU.ActiveCfg = Debug|Any CPU
		{903272EE-A30F-49CE-AB5C-B2D8D391639B}.Debug|Any CPU.Build.0 = Debug|Any CPU
		{903272EE-A30F-49CE-AB5C-B2D8D391639B}.Release|Any CPU.ActiveCfg = Release|Any CPU
		{903272EE-A30F-49CE-AB5C-B2D8D391639B}.Release|Any CPU.Build.0 = Release|Any CPU
		{E0AFC79E-D50F-46FA-9B3D-148EAA92A45E}.Debug|Any CPU.ActiveCfg = Debug|Any CPU
		{E0AFC79E-D50F-46FA-9B3D-148EAA92A45E}.Debug|Any CPU.Build.0 = Debug|Any CPU
		{E0AFC79E-D50F-46FA-9B3D-148EAA92A45E}.Release|Any CPU.ActiveCfg = Release|Any CPU
		{E0AFC79E-D50F-46FA-9B3D-148EAA92A45E}.Release|Any CPU.Build.0 = Release|Any CPU
		{667CB2F9-224C-4A3F-BA7A-2DFC8AB1A3A7}.Debug|Any CPU.ActiveCfg = Debug|Any CPU
		{667CB2F9-224C-4A3F-BA7A-2DFC8AB1A3A7}.Debug|Any CPU.Build.0 = Debug|Any CPU
		{667CB2F9-224C-4A3F-BA7A-2DFC8AB1A3A7}.Release|Any CPU.ActiveCfg = Release|Any CPU
		{667CB2F9-224C-4A3F-BA7A-2DFC8AB1A3A7}.Release|Any CPU.Build.0 = Release|Any CPU
		{025D37F9-67AE-4EBA-8F7D-1A25ACB7E809}.Debug|Any CPU.ActiveCfg = Debug|Any CPU
		{025D37F9-67AE-4EBA-8F7D-1A25ACB7E809}.Debug|Any CPU.Build.0 = Debug|Any CPU
		{025D37F9-67AE-4EBA-8F7D-1A25ACB7E809}.Release|Any CPU.ActiveCfg = Release|Any CPU
		{025D37F9-67AE-4EBA-8F7D-1A25ACB7E809}.Release|Any CPU.Build.0 = Release|Any CPU
		{8BBA72F4-0560-49E9-8144-EC0993B2CB64}.Debug|Any CPU.ActiveCfg = Debug|Any CPU
		{8BBA72F4-0560-49E9-8144-EC0993B2CB64}.Debug|Any CPU.Build.0 = Debug|Any CPU
		{8BBA72F4-0560-49E9-8144-EC0993B2CB64}.Release|Any CPU.ActiveCfg = Release|Any CPU
		{8BBA72F4-0560-49E9-8144-EC0993B2CB64}.Release|Any CPU.Build.0 = Release|Any CPU
		{FEDA07D6-542B-4F8F-BB6D-E13D06C1B965}.Debug|Any CPU.ActiveCfg = Debug|Any CPU
		{FEDA07D6-542B-4F8F-BB6D-E13D06C1B965}.Debug|Any CPU.Build.0 = Debug|Any CPU
		{FEDA07D6-542B-4F8F-BB6D-E13D06C1B965}.Release|Any CPU.ActiveCfg = Release|Any CPU
		{FEDA07D6-542B-4F8F-BB6D-E13D06C1B965}.Release|Any CPU.Build.0 = Release|Any CPU
		{8BC2B2F3-79AE-46E8-BF4B-3D6ADC33B181}.Debug|Any CPU.ActiveCfg = Debug|Any CPU
		{8BC2B2F3-79AE-46E8-BF4B-3D6ADC33B181}.Debug|Any CPU.Build.0 = Debug|Any CPU
		{8BC2B2F3-79AE-46E8-BF4B-3D6ADC33B181}.Release|Any CPU.ActiveCfg = Release|Any CPU
		{8BC2B2F3-79AE-46E8-BF4B-3D6ADC33B181}.Release|Any CPU.Build.0 = Release|Any CPU
		{C2900BED-A8E2-45F9-BD84-AFFF70AE46ED}.Debug|Any CPU.ActiveCfg = Debug|Any CPU
		{C2900BED-A8E2-45F9-BD84-AFFF70AE46ED}.Debug|Any CPU.Build.0 = Debug|Any CPU
		{C2900BED-A8E2-45F9-BD84-AFFF70AE46ED}.Release|Any CPU.ActiveCfg = Release|Any CPU
		{C2900BED-A8E2-45F9-BD84-AFFF70AE46ED}.Release|Any CPU.Build.0 = Release|Any CPU
	EndGlobalSection
	GlobalSection(SolutionProperties) = preSolution
		HideSolutionNode = FALSE
	EndGlobalSection
EndGlobal
