
Microsoft Visual Studio Solution File, Format Version 12.00
# Visual Studio 15
VisualStudioVersion = 15.0.27130.2024
MinimumVisualStudioVersion = 10.0.40219.1
Project("{FAE04EC0-301F-11D3-BF4B-00C04F79EFBC}") = "01. Cubic Artillery", "01. Cubic Artillery\01. Cubic Artillery.csproj", "{60DA642B-68D4-44E2-AFF3-C032D967CDA1}"
EndProject
Project("{FAE04EC0-301F-11D3-BF4B-00C04F79EFBC}") = "02. Cubic's Rube", "02. Cubic's Rube\02. Cubic's Rube.csproj", "{B868E8A6-81FA-4082-8EEF-2C0DF4A439CC}"
EndProject
Project("{FAE04EC0-301F-11D3-BF4B-00C04F79EFBC}") = "03. Cubic Messages", "03. Cubic Messages\03. Cubic Messages.csproj", "{C7288E69-859D-4CEB-AC31-6ACDE3A0950A}"
EndProject
Project("{FAE04EC0-301F-11D3-BF4B-00C04F79EFBC}") = "04. Cubic Assault", "04. Cubic Assault\04. Cubic Assault.csproj", "{873491EA-7823-433C-85F8-5130CF2E77E3}"
EndProject
Global
	GlobalSection(SolutionConfigurationPlatforms) = preSolution
		Debug|Any CPU = Debug|Any CPU
		Release|Any CPU = Release|Any CPU
	EndGlobalSection
	GlobalSection(ProjectConfigurationPlatforms) = postSolution
		{60DA642B-68D4-44E2-AFF3-C032D967CDA1}.Debug|Any CPU.ActiveCfg = Debug|Any CPU
		{60DA642B-68D4-44E2-AFF3-C032D967CDA1}.Debug|Any CPU.Build.0 = Debug|Any CPU
		{60DA642B-68D4-44E2-AFF3-C032D967CDA1}.Release|Any CPU.ActiveCfg = Release|Any CPU
		{60DA642B-68D4-44E2-AFF3-C032D967CDA1}.Release|Any CPU.Build.0 = Release|Any CPU
		{B868E8A6-81FA-4082-8EEF-2C0DF4A439CC}.Debug|Any CPU.ActiveCfg = Debug|Any CPU
		{B868E8A6-81FA-4082-8EEF-2C0DF4A439CC}.Debug|Any CPU.Build.0 = Debug|Any CPU
		{B868E8A6-81FA-4082-8EEF-2C0DF4A439CC}.Release|Any CPU.ActiveCfg = Release|Any CPU
		{B868E8A6-81FA-4082-8EEF-2C0DF4A439CC}.Release|Any CPU.Build.0 = Release|Any CPU
		{C7288E69-859D-4CEB-AC31-6ACDE3A0950A}.Debug|Any CPU.ActiveCfg = Debug|Any CPU
		{C7288E69-859D-4CEB-AC31-6ACDE3A0950A}.Debug|Any CPU.Build.0 = Debug|Any CPU
		{C7288E69-859D-4CEB-AC31-6ACDE3A0950A}.Release|Any CPU.ActiveCfg = Release|Any CPU
		{C7288E69-859D-4CEB-AC31-6ACDE3A0950A}.Release|Any CPU.Build.0 = Release|Any CPU
		{873491EA-7823-433C-85F8-5130CF2E77E3}.Debug|Any CPU.ActiveCfg = Debug|Any CPU
		{873491EA-7823-433C-85F8-5130CF2E77E3}.Debug|Any CPU.Build.0 = Debug|Any CPU
		{873491EA-7823-433C-85F8-5130CF2E77E3}.Release|Any CPU.ActiveCfg = Release|Any CPU
		{873491EA-7823-433C-85F8-5130CF2E77E3}.Release|Any CPU.Build.0 = Release|Any CPU
	EndGlobalSection
	GlobalSection(SolutionProperties) = preSolution
		HideSolutionNode = FALSE
	EndGlobalSection
	GlobalSection(ExtensibilityGlobals) = postSolution
		SolutionGuid = {DB4D3576-DC30-4D8E-98E9-7FA77AC1F11E}
	EndGlobalSection
EndGlobal
