
Microsoft Visual Studio Solution File, Format Version 12.00
# Visual Studio 15
VisualStudioVersion = 15.0.27703.2035
MinimumVisualStudioVersion = 10.0.40219.1
Project("{9A19103F-16F7-4668-BE54-9A1E7A4F7556}") = "MyLibrary", "MyLibrary\MyLibrary.csproj", "{C8AFE14F-2BD5-47D0-A58C-CD48EF2BF6FA}"
EndProject
Global
	GlobalSection(SolutionConfigurationPlatforms) = preSolution
		Debug|Any CPU = Debug|Any CPU
		Release|Any CPU = Release|Any CPU
	EndGlobalSection
	GlobalSection(ProjectConfigurationPlatforms) = postSolution
		{C8AFE14F-2BD5-47D0-A58C-CD48EF2BF6FA}.Debug|Any CPU.ActiveCfg = Debug|Any CPU
		{C8AFE14F-2BD5-47D0-A58C-CD48EF2BF6FA}.Debug|Any CPU.Build.0 = Debug|Any CPU
		{C8AFE14F-2BD5-47D0-A58C-CD48EF2BF6FA}.Release|Any CPU.ActiveCfg = Release|Any CPU
		{C8AFE14F-2BD5-47D0-A58C-CD48EF2BF6FA}.Release|Any CPU.Build.0 = Release|Any CPU
	EndGlobalSection
	GlobalSection(SolutionProperties) = preSolution
		HideSolutionNode = FALSE
	EndGlobalSection
	GlobalSection(ExtensibilityGlobals) = postSolution
		SolutionGuid = {12B437AB-F02A-4DC8-98B9-E13A2B3947EE}
	EndGlobalSection
EndGlobal
