
Microsoft Visual Studio Solution File, Format Version 12.00
# Visual Studio 15
VisualStudioVersion = 15.0.26430.6
MinimumVisualStudioVersion = 10.0.40219.1
Project("{FAE04EC0-301F-11D3-BF4B-00C04F79EFBC}") = "01. Greeting", "01. Greeting\01. Greeting.csproj", "{C6C6729C-C01C-4D63-A65C-11F4E78571B1}"
EndProject
Project("{FAE04EC0-301F-11D3-BF4B-00C04F79EFBC}") = "02. Add Two Numbers", "02. Add Two Numbers\02. Add Two Numbers.csproj", "{29BCC5A2-F972-4BDD-8CF2-23560823473B}"
EndProject
Project("{FAE04EC0-301F-11D3-BF4B-00C04F79EFBC}") = "03. Employee Data", "03. Employee Data\03. Employee Data.csproj", "{4A445EFD-9930-4A58-A0A0-3039D192A4B1}"
EndProject
Global
	GlobalSection(SolutionConfigurationPlatforms) = preSolution
		Debug|Any CPU = Debug|Any CPU
		Release|Any CPU = Release|Any CPU
	EndGlobalSection
	GlobalSection(ProjectConfigurationPlatforms) = postSolution
		{C6C6729C-C01C-4D63-A65C-11F4E78571B1}.Debug|Any CPU.ActiveCfg = Debug|Any CPU
		{C6C6729C-C01C-4D63-A65C-11F4E78571B1}.Debug|Any CPU.Build.0 = Debug|Any CPU
		{C6C6729C-C01C-4D63-A65C-11F4E78571B1}.Release|Any CPU.ActiveCfg = Release|Any CPU
		{C6C6729C-C01C-4D63-A65C-11F4E78571B1}.Release|Any CPU.Build.0 = Release|Any CPU
		{29BCC5A2-F972-4BDD-8CF2-23560823473B}.Debug|Any CPU.ActiveCfg = Debug|Any CPU
		{29BCC5A2-F972-4BDD-8CF2-23560823473B}.Debug|Any CPU.Build.0 = Debug|Any CPU
		{29BCC5A2-F972-4BDD-8CF2-23560823473B}.Release|Any CPU.ActiveCfg = Release|Any CPU
		{29BCC5A2-F972-4BDD-8CF2-23560823473B}.Release|Any CPU.Build.0 = Release|Any CPU
		{4A445EFD-9930-4A58-A0A0-3039D192A4B1}.Debug|Any CPU.ActiveCfg = Debug|Any CPU
		{4A445EFD-9930-4A58-A0A0-3039D192A4B1}.Debug|Any CPU.Build.0 = Debug|Any CPU
		{4A445EFD-9930-4A58-A0A0-3039D192A4B1}.Release|Any CPU.ActiveCfg = Release|Any CPU
		{4A445EFD-9930-4A58-A0A0-3039D192A4B1}.Release|Any CPU.Build.0 = Release|Any CPU
	EndGlobalSection
	GlobalSection(SolutionProperties) = preSolution
		HideSolutionNode = FALSE
	EndGlobalSection
EndGlobal
