
Microsoft Visual Studio Solution File, Format Version 12.00
# Visual Studio 15
VisualStudioVersion = 15.0.26430.6
MinimumVisualStudioVersion = 10.0.40219.1
Project("{FAE04EC0-301F-11D3-BF4B-00C04F79EFBC}") = "01. Practice Integers", "01. Practice Integers\01. Practice Integers.csproj", "{DC689AC0-2964-4C18-8FDF-7DE47F129686}"
EndProject
Project("{FAE04EC0-301F-11D3-BF4B-00C04F79EFBC}") = "02. Practice Floating Points", "02. Practice Floating Points\02. Practice Floating Points.csproj", "{62FCF12B-2076-4D79-911B-2A76D8EA73A4}"
EndProject
Project("{FAE04EC0-301F-11D3-BF4B-00C04F79EFBC}") = "03. Practice Chars And Strings", "03. Practice Chars And Strings\03. Practice Chars And Strings.csproj", "{5E36C702-ABCE-42EF-A237-45D02578A90D}"
EndProject
Project("{FAE04EC0-301F-11D3-BF4B-00C04F79EFBC}") = "04. Variable in Hex Format", "04. Variable in Hex Format\04. Variable in Hex Format.csproj", "{32232C02-2F7D-4171-A419-212F346AB02F}"
EndProject
Project("{FAE04EC0-301F-11D3-BF4B-00C04F79EFBC}") = "05. Boolean Variable", "05. Boolean Variable\05. Boolean Variable.csproj", "{9A2AA1F4-9ECB-46C5-8005-433829AC4E84}"
EndProject
Project("{FAE04EC0-301F-11D3-BF4B-00C04F79EFBC}") = "06. Strings And Objects", "06. Strings And Objects\06. Strings And Objects.csproj", "{E815FBA6-845F-4559-923E-D48578472C8E}"
EndProject
Project("{FAE04EC0-301F-11D3-BF4B-00C04F79EFBC}") = "07. Exchange Variable Values", "07. Exchange Variable Values\07. Exchange Variable Values.csproj", "{D9161339-D912-4250-8E48-C2772BC88CB2}"
EndProject
Project("{FAE04EC0-301F-11D3-BF4B-00C04F79EFBC}") = "08. Employee Data", "08. Employee Data\08. Employee Data.csproj", "{06897EE7-D461-44DF-8F30-E9ED966FCAC9}"
EndProject
Project("{FAE04EC0-301F-11D3-BF4B-00C04F79EFBC}") = "09. Reversed chars", "09. Reversed chars\09. Reversed chars.csproj", "{0EC55273-9539-459B-BD9B-BE71797107C3}"
EndProject
Project("{FAE04EC0-301F-11D3-BF4B-00C04F79EFBC}") = "10. Centuries to Nanoseconds", "10. Centuries to Nanoseconds\10. Centuries to Nanoseconds.csproj", "{4EEE7932-9E72-4D65-8C9F-195EB98FFA98}"
EndProject
Project("{FAE04EC0-301F-11D3-BF4B-00C04F79EFBC}") = "11. Convert Speed Units", "11. Convert Speed Units\11. Convert Speed Units.csproj", "{BB3729D1-ED45-4763-AECB-D32BD482D48A}"
EndProject
Project("{FAE04EC0-301F-11D3-BF4B-00C04F79EFBC}") = "12. Rectangle Properties", "12. Rectangle Properties\12. Rectangle Properties.csproj", "{A90FB3E7-8468-4EE9-B354-60E088C3C8CF}"
EndProject
Project("{FAE04EC0-301F-11D3-BF4B-00C04F79EFBC}") = "13. Vowel or Digit", "13. Vowel or Digit\13. Vowel or Digit.csproj", "{5D934097-6B06-40BF-A527-26FDE9E33034}"
EndProject
Project("{FAE04EC0-301F-11D3-BF4B-00C04F79EFBC}") = "14. Integer to Hex and Binary", "14. Integer to Hex and Binary\14. Integer to Hex and Binary.csproj", "{4475BAF9-3ECA-4EEC-8F7F-26CD13C8143A}"
EndProject
Project("{FAE04EC0-301F-11D3-BF4B-00C04F79EFBC}") = "15. Fast Prime Checker", "15. Fast Prime Checker\15. Fast Prime Checker.csproj", "{447D8FBC-DB39-4F9E-B8E0-8E45D5249F85}"
EndProject
Project("{FAE04EC0-301F-11D3-BF4B-00C04F79EFBC}") = "16. Comparing floats", "16. Comparing floats\16. Comparing floats.csproj", "{86F4D883-24E2-43F1-865A-14225090C110}"
EndProject
Project("{FAE04EC0-301F-11D3-BF4B-00C04F79EFBC}") = "17. Print Part Of ASCII Table", "17. Print Part Of ASCII Table\17. Print Part Of ASCII Table.csproj", "{95C3F4D8-3CA9-4271-9017-19237B1AA0E9}"
EndProject
Project("{FAE04EC0-301F-11D3-BF4B-00C04F79EFBC}") = "18. Different Integers Size", "18. Different Integers Size\18. Different Integers Size.csproj", "{65180221-A922-46D3-8B96-445CD7DF93E3}"
EndProject
Project("{FAE04EC0-301F-11D3-BF4B-00C04F79EFBC}") = "19. Thea The Photographer", "19. Thea The Photographer\19. Thea The Photographer.csproj", "{91D73793-C9F1-47CF-B84F-C0636FD41889}"
EndProject
Global
	GlobalSection(SolutionConfigurationPlatforms) = preSolution
		Debug|Any CPU = Debug|Any CPU
		Release|Any CPU = Release|Any CPU
	EndGlobalSection
	GlobalSection(ProjectConfigurationPlatforms) = postSolution
		{DC689AC0-2964-4C18-8FDF-7DE47F129686}.Debug|Any CPU.ActiveCfg = Debug|Any CPU
		{DC689AC0-2964-4C18-8FDF-7DE47F129686}.Debug|Any CPU.Build.0 = Debug|Any CPU
		{DC689AC0-2964-4C18-8FDF-7DE47F129686}.Release|Any CPU.ActiveCfg = Release|Any CPU
		{DC689AC0-2964-4C18-8FDF-7DE47F129686}.Release|Any CPU.Build.0 = Release|Any CPU
		{62FCF12B-2076-4D79-911B-2A76D8EA73A4}.Debug|Any CPU.ActiveCfg = Debug|Any CPU
		{62FCF12B-2076-4D79-911B-2A76D8EA73A4}.Debug|Any CPU.Build.0 = Debug|Any CPU
		{62FCF12B-2076-4D79-911B-2A76D8EA73A4}.Release|Any CPU.ActiveCfg = Release|Any CPU
		{62FCF12B-2076-4D79-911B-2A76D8EA73A4}.Release|Any CPU.Build.0 = Release|Any CPU
		{5E36C702-ABCE-42EF-A237-45D02578A90D}.Debug|Any CPU.ActiveCfg = Debug|Any CPU
		{5E36C702-ABCE-42EF-A237-45D02578A90D}.Debug|Any CPU.Build.0 = Debug|Any CPU
		{5E36C702-ABCE-42EF-A237-45D02578A90D}.Release|Any CPU.ActiveCfg = Release|Any CPU
		{5E36C702-ABCE-42EF-A237-45D02578A90D}.Release|Any CPU.Build.0 = Release|Any CPU
		{32232C02-2F7D-4171-A419-212F346AB02F}.Debug|Any CPU.ActiveCfg = Debug|Any CPU
		{32232C02-2F7D-4171-A419-212F346AB02F}.Debug|Any CPU.Build.0 = Debug|Any CPU
		{32232C02-2F7D-4171-A419-212F346AB02F}.Release|Any CPU.ActiveCfg = Release|Any CPU
		{32232C02-2F7D-4171-A419-212F346AB02F}.Release|Any CPU.Build.0 = Release|Any CPU
		{9A2AA1F4-9ECB-46C5-8005-433829AC4E84}.Debug|Any CPU.ActiveCfg = Debug|Any CPU
		{9A2AA1F4-9ECB-46C5-8005-433829AC4E84}.Debug|Any CPU.Build.0 = Debug|Any CPU
		{9A2AA1F4-9ECB-46C5-8005-433829AC4E84}.Release|Any CPU.ActiveCfg = Release|Any CPU
		{9A2AA1F4-9ECB-46C5-8005-433829AC4E84}.Release|Any CPU.Build.0 = Release|Any CPU
		{E815FBA6-845F-4559-923E-D48578472C8E}.Debug|Any CPU.ActiveCfg = Debug|Any CPU
		{E815FBA6-845F-4559-923E-D48578472C8E}.Debug|Any CPU.Build.0 = Debug|Any CPU
		{E815FBA6-845F-4559-923E-D48578472C8E}.Release|Any CPU.ActiveCfg = Release|Any CPU
		{E815FBA6-845F-4559-923E-D48578472C8E}.Release|Any CPU.Build.0 = Release|Any CPU
		{D9161339-D912-4250-8E48-C2772BC88CB2}.Debug|Any CPU.ActiveCfg = Debug|Any CPU
		{D9161339-D912-4250-8E48-C2772BC88CB2}.Debug|Any CPU.Build.0 = Debug|Any CPU
		{D9161339-D912-4250-8E48-C2772BC88CB2}.Release|Any CPU.ActiveCfg = Release|Any CPU
		{D9161339-D912-4250-8E48-C2772BC88CB2}.Release|Any CPU.Build.0 = Release|Any CPU
		{06897EE7-D461-44DF-8F30-E9ED966FCAC9}.Debug|Any CPU.ActiveCfg = Debug|Any CPU
		{06897EE7-D461-44DF-8F30-E9ED966FCAC9}.Debug|Any CPU.Build.0 = Debug|Any CPU
		{06897EE7-D461-44DF-8F30-E9ED966FCAC9}.Release|Any CPU.ActiveCfg = Release|Any CPU
		{06897EE7-D461-44DF-8F30-E9ED966FCAC9}.Release|Any CPU.Build.0 = Release|Any CPU
		{0EC55273-9539-459B-BD9B-BE71797107C3}.Debug|Any CPU.ActiveCfg = Debug|Any CPU
		{0EC55273-9539-459B-BD9B-BE71797107C3}.Debug|Any CPU.Build.0 = Debug|Any CPU
		{0EC55273-9539-459B-BD9B-BE71797107C3}.Release|Any CPU.ActiveCfg = Release|Any CPU
		{0EC55273-9539-459B-BD9B-BE71797107C3}.Release|Any CPU.Build.0 = Release|Any CPU
		{4EEE7932-9E72-4D65-8C9F-195EB98FFA98}.Debug|Any CPU.ActiveCfg = Debug|Any CPU
		{4EEE7932-9E72-4D65-8C9F-195EB98FFA98}.Debug|Any CPU.Build.0 = Debug|Any CPU
		{4EEE7932-9E72-4D65-8C9F-195EB98FFA98}.Release|Any CPU.ActiveCfg = Release|Any CPU
		{4EEE7932-9E72-4D65-8C9F-195EB98FFA98}.Release|Any CPU.Build.0 = Release|Any CPU
		{BB3729D1-ED45-4763-AECB-D32BD482D48A}.Debug|Any CPU.ActiveCfg = Debug|Any CPU
		{BB3729D1-ED45-4763-AECB-D32BD482D48A}.Debug|Any CPU.Build.0 = Debug|Any CPU
		{BB3729D1-ED45-4763-AECB-D32BD482D48A}.Release|Any CPU.ActiveCfg = Release|Any CPU
		{BB3729D1-ED45-4763-AECB-D32BD482D48A}.Release|Any CPU.Build.0 = Release|Any CPU
		{A90FB3E7-8468-4EE9-B354-60E088C3C8CF}.Debug|Any CPU.ActiveCfg = Debug|Any CPU
		{A90FB3E7-8468-4EE9-B354-60E088C3C8CF}.Debug|Any CPU.Build.0 = Debug|Any CPU
		{A90FB3E7-8468-4EE9-B354-60E088C3C8CF}.Release|Any CPU.ActiveCfg = Release|Any CPU
		{A90FB3E7-8468-4EE9-B354-60E088C3C8CF}.Release|Any CPU.Build.0 = Release|Any CPU
		{5D934097-6B06-40BF-A527-26FDE9E33034}.Debug|Any CPU.ActiveCfg = Debug|Any CPU
		{5D934097-6B06-40BF-A527-26FDE9E33034}.Debug|Any CPU.Build.0 = Debug|Any CPU
		{5D934097-6B06-40BF-A527-26FDE9E33034}.Release|Any CPU.ActiveCfg = Release|Any CPU
		{5D934097-6B06-40BF-A527-26FDE9E33034}.Release|Any CPU.Build.0 = Release|Any CPU
		{4475BAF9-3ECA-4EEC-8F7F-26CD13C8143A}.Debug|Any CPU.ActiveCfg = Debug|Any CPU
		{4475BAF9-3ECA-4EEC-8F7F-26CD13C8143A}.Debug|Any CPU.Build.0 = Debug|Any CPU
		{4475BAF9-3ECA-4EEC-8F7F-26CD13C8143A}.Release|Any CPU.ActiveCfg = Release|Any CPU
		{4475BAF9-3ECA-4EEC-8F7F-26CD13C8143A}.Release|Any CPU.Build.0 = Release|Any CPU
		{447D8FBC-DB39-4F9E-B8E0-8E45D5249F85}.Debug|Any CPU.ActiveCfg = Debug|Any CPU
		{447D8FBC-DB39-4F9E-B8E0-8E45D5249F85}.Debug|Any CPU.Build.0 = Debug|Any CPU
		{447D8FBC-DB39-4F9E-B8E0-8E45D5249F85}.Release|Any CPU.ActiveCfg = Release|Any CPU
		{447D8FBC-DB39-4F9E-B8E0-8E45D5249F85}.Release|Any CPU.Build.0 = Release|Any CPU
		{86F4D883-24E2-43F1-865A-14225090C110}.Debug|Any CPU.ActiveCfg = Debug|Any CPU
		{86F4D883-24E2-43F1-865A-14225090C110}.Debug|Any CPU.Build.0 = Debug|Any CPU
		{86F4D883-24E2-43F1-865A-14225090C110}.Release|Any CPU.ActiveCfg = Release|Any CPU
		{86F4D883-24E2-43F1-865A-14225090C110}.Release|Any CPU.Build.0 = Release|Any CPU
		{95C3F4D8-3CA9-4271-9017-19237B1AA0E9}.Debug|Any CPU.ActiveCfg = Debug|Any CPU
		{95C3F4D8-3CA9-4271-9017-19237B1AA0E9}.Debug|Any CPU.Build.0 = Debug|Any CPU
		{95C3F4D8-3CA9-4271-9017-19237B1AA0E9}.Release|Any CPU.ActiveCfg = Release|Any CPU
		{95C3F4D8-3CA9-4271-9017-19237B1AA0E9}.Release|Any CPU.Build.0 = Release|Any CPU
		{65180221-A922-46D3-8B96-445CD7DF93E3}.Debug|Any CPU.ActiveCfg = Debug|Any CPU
		{65180221-A922-46D3-8B96-445CD7DF93E3}.Debug|Any CPU.Build.0 = Debug|Any CPU
		{65180221-A922-46D3-8B96-445CD7DF93E3}.Release|Any CPU.ActiveCfg = Release|Any CPU
		{65180221-A922-46D3-8B96-445CD7DF93E3}.Release|Any CPU.Build.0 = Release|Any CPU
		{91D73793-C9F1-47CF-B84F-C0636FD41889}.Debug|Any CPU.ActiveCfg = Debug|Any CPU
		{91D73793-C9F1-47CF-B84F-C0636FD41889}.Debug|Any CPU.Build.0 = Debug|Any CPU
		{91D73793-C9F1-47CF-B84F-C0636FD41889}.Release|Any CPU.ActiveCfg = Release|Any CPU
		{91D73793-C9F1-47CF-B84F-C0636FD41889}.Release|Any CPU.Build.0 = Release|Any CPU
	EndGlobalSection
	GlobalSection(SolutionProperties) = preSolution
		HideSolutionNode = FALSE
	EndGlobalSection
EndGlobal
