
Microsoft Visual Studio Solution File, Format Version 12.00
# Visual Studio 15
VisualStudioVersion = 15.0.28010.2048
MinimumVisualStudioVersion = 10.0.40219.1
Project("{9A19103F-16F7-4668-BE54-9A1E7A4F7556}") = "FDMC", "FDMC\FDMC.csproj", "{F9BFF508-66FB-49FC-AAA6-1EDA4E3A9F53}"
EndProject
Project("{9A19103F-16F7-4668-BE54-9A1E7A4F7556}") = "FDMC.Data", "FDMC.Data\FDMC.Data.csproj", "{43E290B2-99AF-464F-9F4F-31E6B2D41575}"
EndProject
Project("{FAE04EC0-301F-11D3-BF4B-00C04F79EFBC}") = "FDMC.Models", "FDMC.Models\FDMC.Models.csproj", "{55CA1E13-F5CE-4527-A678-6C2A03965710}"
EndProject
Global
	GlobalSection(SolutionConfigurationPlatforms) = preSolution
		Debug|Any CPU = Debug|Any CPU
		Release|Any CPU = Release|Any CPU
	EndGlobalSection
	GlobalSection(ProjectConfigurationPlatforms) = postSolution
		{F9BFF508-66FB-49FC-AAA6-1EDA4E3A9F53}.Debug|Any CPU.ActiveCfg = Debug|Any CPU
		{F9BFF508-66FB-49FC-AAA6-1EDA4E3A9F53}.Debug|Any CPU.Build.0 = Debug|Any CPU
		{F9BFF508-66FB-49FC-AAA6-1EDA4E3A9F53}.Release|Any CPU.ActiveCfg = Release|Any CPU
		{F9BFF508-66FB-49FC-AAA6-1EDA4E3A9F53}.Release|Any CPU.Build.0 = Release|Any CPU
		{43E290B2-99AF-464F-9F4F-31E6B2D41575}.Debug|Any CPU.ActiveCfg = Debug|Any CPU
		{43E290B2-99AF-464F-9F4F-31E6B2D41575}.Debug|Any CPU.Build.0 = Debug|Any CPU
		{43E290B2-99AF-464F-9F4F-31E6B2D41575}.Release|Any CPU.ActiveCfg = Release|Any CPU
		{43E290B2-99AF-464F-9F4F-31E6B2D41575}.Release|Any CPU.Build.0 = Release|Any CPU
		{55CA1E13-F5CE-4527-A678-6C2A03965710}.Debug|Any CPU.ActiveCfg = Debug|Any CPU
		{55CA1E13-F5CE-4527-A678-6C2A03965710}.Debug|Any CPU.Build.0 = Debug|Any CPU
		{55CA1E13-F5CE-4527-A678-6C2A03965710}.Release|Any CPU.ActiveCfg = Release|Any CPU
		{55CA1E13-F5CE-4527-A678-6C2A03965710}.Release|Any CPU.Build.0 = Release|Any CPU
	EndGlobalSection
	GlobalSection(SolutionProperties) = preSolution
		HideSolutionNode = FALSE
	EndGlobalSection
	GlobalSection(ExtensibilityGlobals) = postSolution
		SolutionGuid = {97AAF410-D4E8-423E-82DD-0FA768D2D673}
	EndGlobalSection
EndGlobal
