
Microsoft Visual Studio Solution File, Format Version 12.00
# Visual Studio 15
VisualStudioVersion = 15.0.26430.12
MinimumVisualStudioVersion = 10.0.40219.1
Project("{FAE04EC0-301F-11D3-BF4B-00C04F79EFBC}") = "01. Array Statistics", "01. Array Statistics\01. Array Statistics.csproj", "{170C228F-6EB8-4CF1-9990-1C525EA29BA0}"
EndProject
Project("{FAE04EC0-301F-11D3-BF4B-00C04F79EFBC}") = "02. Manipulate Array", "02. Manipulate Array\02. Manipulate Array.csproj", "{FA269DD9-1069-432E-BE3A-C0640394F143}"
EndProject
Project("{FAE04EC0-301F-11D3-BF4B-00C04F79EFBC}") = "03. Safe Manipulation", "03. Safe Manipulation\03. Safe Manipulation.csproj", "{C009C99B-2012-4AF1-8FFB-27B7A1E4D04D}"
EndProject
Project("{FAE04EC0-301F-11D3-BF4B-00C04F79EFBC}") = "04. Grab and Go", "04. Grab and Go\04. Grab and Go.csproj", "{F9B72795-0C9F-4EBF-8897-4E1C05884BBB}"
EndProject
Project("{FAE04EC0-301F-11D3-BF4B-00C04F79EFBC}") = "05. Pizza Ingredients", "05. Pizza Ingredients\05. Pizza Ingredients.csproj", "{A7E5313B-235F-4E6D-88D8-4A3A2BE4E93B}"
EndProject
Project("{FAE04EC0-301F-11D3-BF4B-00C04F79EFBC}") = "06. Heists", "06. Heists\06. Heists.csproj", "{9CF7CA66-A10F-4E2F-B73A-7B85154F12EA}"
EndProject
Project("{FAE04EC0-301F-11D3-BF4B-00C04F79EFBC}") = "07. Inventory Matcher", "07. Inventory Matcher\07. Inventory Matcher.csproj", "{48F69BE8-8133-41A8-96D4-60919A7557E7}"
EndProject
Project("{FAE04EC0-301F-11D3-BF4B-00C04F79EFBC}") = "08. Upgraded Matcher", "08. Upgraded Matcher\08. Upgraded Matcher.csproj", "{9C9D363F-8A88-4F14-9C75-D32B9E8D2C31}"
EndProject
Project("{FAE04EC0-301F-11D3-BF4B-00C04F79EFBC}") = "09. Jump Around", "09. Jump Around\09. Jump Around.csproj", "{B437D933-4675-4868-99CA-4651F135D510}"
EndProject
Global
	GlobalSection(SolutionConfigurationPlatforms) = preSolution
		Debug|Any CPU = Debug|Any CPU
		Release|Any CPU = Release|Any CPU
	EndGlobalSection
	GlobalSection(ProjectConfigurationPlatforms) = postSolution
		{170C228F-6EB8-4CF1-9990-1C525EA29BA0}.Debug|Any CPU.ActiveCfg = Debug|Any CPU
		{170C228F-6EB8-4CF1-9990-1C525EA29BA0}.Debug|Any CPU.Build.0 = Debug|Any CPU
		{170C228F-6EB8-4CF1-9990-1C525EA29BA0}.Release|Any CPU.ActiveCfg = Release|Any CPU
		{170C228F-6EB8-4CF1-9990-1C525EA29BA0}.Release|Any CPU.Build.0 = Release|Any CPU
		{FA269DD9-1069-432E-BE3A-C0640394F143}.Debug|Any CPU.ActiveCfg = Debug|Any CPU
		{FA269DD9-1069-432E-BE3A-C0640394F143}.Debug|Any CPU.Build.0 = Debug|Any CPU
		{FA269DD9-1069-432E-BE3A-C0640394F143}.Release|Any CPU.ActiveCfg = Release|Any CPU
		{FA269DD9-1069-432E-BE3A-C0640394F143}.Release|Any CPU.Build.0 = Release|Any CPU
		{C009C99B-2012-4AF1-8FFB-27B7A1E4D04D}.Debug|Any CPU.ActiveCfg = Debug|Any CPU
		{C009C99B-2012-4AF1-8FFB-27B7A1E4D04D}.Debug|Any CPU.Build.0 = Debug|Any CPU
		{C009C99B-2012-4AF1-8FFB-27B7A1E4D04D}.Release|Any CPU.ActiveCfg = Release|Any CPU
		{C009C99B-2012-4AF1-8FFB-27B7A1E4D04D}.Release|Any CPU.Build.0 = Release|Any CPU
		{F9B72795-0C9F-4EBF-8897-4E1C05884BBB}.Debug|Any CPU.ActiveCfg = Debug|Any CPU
		{F9B72795-0C9F-4EBF-8897-4E1C05884BBB}.Debug|Any CPU.Build.0 = Debug|Any CPU
		{F9B72795-0C9F-4EBF-8897-4E1C05884BBB}.Release|Any CPU.ActiveCfg = Release|Any CPU
		{F9B72795-0C9F-4EBF-8897-4E1C05884BBB}.Release|Any CPU.Build.0 = Release|Any CPU
		{A7E5313B-235F-4E6D-88D8-4A3A2BE4E93B}.Debug|Any CPU.ActiveCfg = Debug|Any CPU
		{A7E5313B-235F-4E6D-88D8-4A3A2BE4E93B}.Debug|Any CPU.Build.0 = Debug|Any CPU
		{A7E5313B-235F-4E6D-88D8-4A3A2BE4E93B}.Release|Any CPU.ActiveCfg = Release|Any CPU
		{A7E5313B-235F-4E6D-88D8-4A3A2BE4E93B}.Release|Any CPU.Build.0 = Release|Any CPU
		{9CF7CA66-A10F-4E2F-B73A-7B85154F12EA}.Debug|Any CPU.ActiveCfg = Debug|Any CPU
		{9CF7CA66-A10F-4E2F-B73A-7B85154F12EA}.Debug|Any CPU.Build.0 = Debug|Any CPU
		{9CF7CA66-A10F-4E2F-B73A-7B85154F12EA}.Release|Any CPU.ActiveCfg = Release|Any CPU
		{9CF7CA66-A10F-4E2F-B73A-7B85154F12EA}.Release|Any CPU.Build.0 = Release|Any CPU
		{48F69BE8-8133-41A8-96D4-60919A7557E7}.Debug|Any CPU.ActiveCfg = Debug|Any CPU
		{48F69BE8-8133-41A8-96D4-60919A7557E7}.Debug|Any CPU.Build.0 = Debug|Any CPU
		{48F69BE8-8133-41A8-96D4-60919A7557E7}.Release|Any CPU.ActiveCfg = Release|Any CPU
		{48F69BE8-8133-41A8-96D4-60919A7557E7}.Release|Any CPU.Build.0 = Release|Any CPU
		{9C9D363F-8A88-4F14-9C75-D32B9E8D2C31}.Debug|Any CPU.ActiveCfg = Debug|Any CPU
		{9C9D363F-8A88-4F14-9C75-D32B9E8D2C31}.Debug|Any CPU.Build.0 = Debug|Any CPU
		{9C9D363F-8A88-4F14-9C75-D32B9E8D2C31}.Release|Any CPU.ActiveCfg = Release|Any CPU
		{9C9D363F-8A88-4F14-9C75-D32B9E8D2C31}.Release|Any CPU.Build.0 = Release|Any CPU
		{B437D933-4675-4868-99CA-4651F135D510}.Debug|Any CPU.ActiveCfg = Debug|Any CPU
		{B437D933-4675-4868-99CA-4651F135D510}.Debug|Any CPU.Build.0 = Debug|Any CPU
		{B437D933-4675-4868-99CA-4651F135D510}.Release|Any CPU.ActiveCfg = Release|Any CPU
		{B437D933-4675-4868-99CA-4651F135D510}.Release|Any CPU.Build.0 = Release|Any CPU
	EndGlobalSection
	GlobalSection(SolutionProperties) = preSolution
		HideSolutionNode = FALSE
	EndGlobalSection
EndGlobal
