
Microsoft Visual Studio Solution File, Format Version 12.00
# Visual Studio 15
VisualStudioVersion = 15.0.27130.2020
MinimumVisualStudioVersion = 10.0.40219.1
Project("{9A19103F-16F7-4668-BE54-9A1E7A4F7556}") = "07. Distance in Labyrinth", "07. Distance in Labyrinth\07. Distance in Labyrinth.csproj", "{55159221-3CAF-48A0-9ECE-37B23E9B4D04}"
EndProject
Project("{9A19103F-16F7-4668-BE54-9A1E7A4F7556}") = "01. Sum and Average", "01. Sum and Average\01. Sum and Average.csproj", "{9B7538EC-481C-448B-9721-922F5C5489DF}"
EndProject
Project("{9A19103F-16F7-4668-BE54-9A1E7A4F7556}") = "02. Sort Words", "02. Sort Words\02. Sort Words.csproj", "{E8E077FC-3BB3-4C09-9BEE-1ABF68276B52}"
EndProject
Project("{9A19103F-16F7-4668-BE54-9A1E7A4F7556}") = "03. Longest Subsequence", "03. Longest Subsequence\03. Longest Subsequence.csproj", "{88C8085E-F581-4613-8B85-9178755E6A5B}"
EndProject
Project("{9A19103F-16F7-4668-BE54-9A1E7A4F7556}") = "04. Remove Odd Occurrences", "04. Remove Odd Occurrences\04. Remove Odd Occurrences.csproj", "{94AAF26A-499F-467B-BDAB-EC04A8F6B716}"
EndProject
Project("{9A19103F-16F7-4668-BE54-9A1E7A4F7556}") = "05. Count of Occurrences", "05. Count of Occurrences\05. Count of Occurrences.csproj", "{C16E6D6E-FEE4-41ED-980C-A91C581F04F7}"
EndProject
Project("{2150E333-8FDC-42A3-9474-1A3956D46DE8}") = "List", "List", "{0A2628B8-D2E3-43C1-A2B0-34BC713C07E2}"
EndProject
Project("{FAE04EC0-301F-11D3-BF4B-00C04F79EFBC}") = "06. ReversedList", "06. ReversedList\06. ReversedList.csproj", "{24A646A8-C919-4C24-A3B7-9C7C1FC864F7}"
EndProject
Project("{FAE04EC0-301F-11D3-BF4B-00C04F79EFBC}") = "08. Doubly Linked List", "08. Doubly Linked List\08. Doubly Linked List.csproj", "{7BEFE70D-D0DA-426B-9355-3FCA9E71071F}"
EndProject
Project("{2150E333-8FDC-42A3-9474-1A3956D46DE8}") = "Stacks and Queues", "Stacks and Queues", "{9A538BEB-313C-46DE-B69C-B5D3017AB1D0}"
EndProject
Project("{FAE04EC0-301F-11D3-BF4B-00C04F79EFBC}") = "03. Array Stack", "03. Array Stack\03. Array Stack.csproj", "{2FA5A180-8BD3-4D40-BCDC-1B3EC6B7D508}"
EndProject
Global
	GlobalSection(SolutionConfigurationPlatforms) = preSolution
		Debug|Any CPU = Debug|Any CPU
		Release|Any CPU = Release|Any CPU
	EndGlobalSection
	GlobalSection(ProjectConfigurationPlatforms) = postSolution
		{55159221-3CAF-48A0-9ECE-37B23E9B4D04}.Debug|Any CPU.ActiveCfg = Debug|Any CPU
		{55159221-3CAF-48A0-9ECE-37B23E9B4D04}.Debug|Any CPU.Build.0 = Debug|Any CPU
		{55159221-3CAF-48A0-9ECE-37B23E9B4D04}.Release|Any CPU.ActiveCfg = Release|Any CPU
		{55159221-3CAF-48A0-9ECE-37B23E9B4D04}.Release|Any CPU.Build.0 = Release|Any CPU
		{9B7538EC-481C-448B-9721-922F5C5489DF}.Debug|Any CPU.ActiveCfg = Debug|Any CPU
		{9B7538EC-481C-448B-9721-922F5C5489DF}.Debug|Any CPU.Build.0 = Debug|Any CPU
		{9B7538EC-481C-448B-9721-922F5C5489DF}.Release|Any CPU.ActiveCfg = Release|Any CPU
		{9B7538EC-481C-448B-9721-922F5C5489DF}.Release|Any CPU.Build.0 = Release|Any CPU
		{E8E077FC-3BB3-4C09-9BEE-1ABF68276B52}.Debug|Any CPU.ActiveCfg = Debug|Any CPU
		{E8E077FC-3BB3-4C09-9BEE-1ABF68276B52}.Debug|Any CPU.Build.0 = Debug|Any CPU
		{E8E077FC-3BB3-4C09-9BEE-1ABF68276B52}.Release|Any CPU.ActiveCfg = Release|Any CPU
		{E8E077FC-3BB3-4C09-9BEE-1ABF68276B52}.Release|Any CPU.Build.0 = Release|Any CPU
		{88C8085E-F581-4613-8B85-9178755E6A5B}.Debug|Any CPU.ActiveCfg = Debug|Any CPU
		{88C8085E-F581-4613-8B85-9178755E6A5B}.Debug|Any CPU.Build.0 = Debug|Any CPU
		{88C8085E-F581-4613-8B85-9178755E6A5B}.Release|Any CPU.ActiveCfg = Release|Any CPU
		{88C8085E-F581-4613-8B85-9178755E6A5B}.Release|Any CPU.Build.0 = Release|Any CPU
		{94AAF26A-499F-467B-BDAB-EC04A8F6B716}.Debug|Any CPU.ActiveCfg = Debug|Any CPU
		{94AAF26A-499F-467B-BDAB-EC04A8F6B716}.Debug|Any CPU.Build.0 = Debug|Any CPU
		{94AAF26A-499F-467B-BDAB-EC04A8F6B716}.Release|Any CPU.ActiveCfg = Release|Any CPU
		{94AAF26A-499F-467B-BDAB-EC04A8F6B716}.Release|Any CPU.Build.0 = Release|Any CPU
		{C16E6D6E-FEE4-41ED-980C-A91C581F04F7}.Debug|Any CPU.ActiveCfg = Debug|Any CPU
		{C16E6D6E-FEE4-41ED-980C-A91C581F04F7}.Debug|Any CPU.Build.0 = Debug|Any CPU
		{C16E6D6E-FEE4-41ED-980C-A91C581F04F7}.Release|Any CPU.ActiveCfg = Release|Any CPU
		{C16E6D6E-FEE4-41ED-980C-A91C581F04F7}.Release|Any CPU.Build.0 = Release|Any CPU
		{24A646A8-C919-4C24-A3B7-9C7C1FC864F7}.Debug|Any CPU.ActiveCfg = Debug|Any CPU
		{24A646A8-C919-4C24-A3B7-9C7C1FC864F7}.Debug|Any CPU.Build.0 = Debug|Any CPU
		{24A646A8-C919-4C24-A3B7-9C7C1FC864F7}.Release|Any CPU.ActiveCfg = Release|Any CPU
		{24A646A8-C919-4C24-A3B7-9C7C1FC864F7}.Release|Any CPU.Build.0 = Release|Any CPU
		{7BEFE70D-D0DA-426B-9355-3FCA9E71071F}.Debug|Any CPU.ActiveCfg = Debug|Any CPU
		{7BEFE70D-D0DA-426B-9355-3FCA9E71071F}.Debug|Any CPU.Build.0 = Debug|Any CPU
		{7BEFE70D-D0DA-426B-9355-3FCA9E71071F}.Release|Any CPU.ActiveCfg = Release|Any CPU
		{7BEFE70D-D0DA-426B-9355-3FCA9E71071F}.Release|Any CPU.Build.0 = Release|Any CPU
		{2FA5A180-8BD3-4D40-BCDC-1B3EC6B7D508}.Debug|Any CPU.ActiveCfg = Debug|Any CPU
		{2FA5A180-8BD3-4D40-BCDC-1B3EC6B7D508}.Debug|Any CPU.Build.0 = Debug|Any CPU
		{2FA5A180-8BD3-4D40-BCDC-1B3EC6B7D508}.Release|Any CPU.ActiveCfg = Release|Any CPU
		{2FA5A180-8BD3-4D40-BCDC-1B3EC6B7D508}.Release|Any CPU.Build.0 = Release|Any CPU
	EndGlobalSection
	GlobalSection(SolutionProperties) = preSolution
		HideSolutionNode = FALSE
	EndGlobalSection
	GlobalSection(NestedProjects) = preSolution
		{55159221-3CAF-48A0-9ECE-37B23E9B4D04} = {0A2628B8-D2E3-43C1-A2B0-34BC713C07E2}
		{9B7538EC-481C-448B-9721-922F5C5489DF} = {0A2628B8-D2E3-43C1-A2B0-34BC713C07E2}
		{E8E077FC-3BB3-4C09-9BEE-1ABF68276B52} = {0A2628B8-D2E3-43C1-A2B0-34BC713C07E2}
		{88C8085E-F581-4613-8B85-9178755E6A5B} = {0A2628B8-D2E3-43C1-A2B0-34BC713C07E2}
		{94AAF26A-499F-467B-BDAB-EC04A8F6B716} = {0A2628B8-D2E3-43C1-A2B0-34BC713C07E2}
		{C16E6D6E-FEE4-41ED-980C-A91C581F04F7} = {0A2628B8-D2E3-43C1-A2B0-34BC713C07E2}
		{24A646A8-C919-4C24-A3B7-9C7C1FC864F7} = {0A2628B8-D2E3-43C1-A2B0-34BC713C07E2}
		{7BEFE70D-D0DA-426B-9355-3FCA9E71071F} = {0A2628B8-D2E3-43C1-A2B0-34BC713C07E2}
		{2FA5A180-8BD3-4D40-BCDC-1B3EC6B7D508} = {9A538BEB-313C-46DE-B69C-B5D3017AB1D0}
	EndGlobalSection
	GlobalSection(ExtensibilityGlobals) = postSolution
		SolutionGuid = {4D66911D-568D-4CC1-A028-F71C5053897C}
	EndGlobalSection
EndGlobal
