
Microsoft Visual Studio Solution File, Format Version 12.00
# Visual Studio 15
VisualStudioVersion = 15.0.27130.2010
MinimumVisualStudioVersion = 10.0.40219.1
Project("{FAE04EC0-301F-11D3-BF4B-00C04F79EFBC}") = "01. Blank Receipt", "01. Blank Receipt\01. Blank Receipt.csproj", "{65659728-40AA-4641-9387-D212C2529516}"
EndProject
Project("{FAE04EC0-301F-11D3-BF4B-00C04F79EFBC}") = "02. Sign of Integer Number", "02. Sign of Integer Number\02. Sign of Integer Number.csproj", "{40DE15D0-5D94-471B-ACAF-AE7E8A465713}"
EndProject
Project("{FAE04EC0-301F-11D3-BF4B-00C04F79EFBC}") = "03. Printing Triangle", "03. Printing Triangle\03. Printing Triangle.csproj", "{3ACE0168-D672-414C-957D-7561EF4E0E4F}"
EndProject
Project("{FAE04EC0-301F-11D3-BF4B-00C04F79EFBC}") = "04. Draw a Filled Square", "04. Draw a Filled Square\04. Draw a Filled Square.csproj", "{BAF94E69-CE42-4E7B-820F-DC396AB3D968}"
EndProject
Project("{FAE04EC0-301F-11D3-BF4B-00C04F79EFBC}") = "11. Price Change Alert", "11. Price Change Alert\11. Price Change Alert.csproj", "{7C28E696-AA06-4DDC-B8FD-8DE642155839}"
EndProject
Project("{FAE04EC0-301F-11D3-BF4B-00C04F79EFBC}") = "10. Holidays Between Two Dates", "10. Holidays Between Two Dates\10. Holidays Between Two Dates.csproj", "{DBD3F813-0295-4085-8571-94EA65C37360}"
EndProject
Project("{FAE04EC0-301F-11D3-BF4B-00C04F79EFBC}") = "09. Multiply Evens by Odds", "09. Multiply Evens by Odds\09. Multiply Evens by Odds.csproj", "{72537003-A6F5-45FF-AAA3-240855AAA223}"
EndProject
Project("{FAE04EC0-301F-11D3-BF4B-00C04F79EFBC}") = "08. Greater of Two Values", "08. Greater of Two Values\08. Greater of Two Values.csproj", "{BA9236CA-8AFD-4A09-A3EF-DBD1ABE67934}"
EndProject
Project("{FAE04EC0-301F-11D3-BF4B-00C04F79EFBC}") = "07. Math Power", "07. Math Power\07. Math Power.csproj", "{1438F079-5549-4189-9328-CE83B43C82DB}"
EndProject
Project("{FAE04EC0-301F-11D3-BF4B-00C04F79EFBC}") = "06. Calculate Triangle Area", "06. Calculate Triangle Area\06. Calculate Triangle Area.csproj", "{372743A4-D81E-44A6-82E5-861FAE0D333F}"
EndProject
Project("{FAE04EC0-301F-11D3-BF4B-00C04F79EFBC}") = "05. Temperature Conversion", "05. Temperature Conversion\05. Temperature Conversion.csproj", "{C0C5B106-5331-4CEE-A85B-858C600C0425}"
EndProject
Global
	GlobalSection(SolutionConfigurationPlatforms) = preSolution
		Debug|Any CPU = Debug|Any CPU
		Debug|ARM = Debug|ARM
		Debug|x64 = Debug|x64
		Debug|x86 = Debug|x86
		Release|Any CPU = Release|Any CPU
		Release|ARM = Release|ARM
		Release|x64 = Release|x64
		Release|x86 = Release|x86
	EndGlobalSection
	GlobalSection(ProjectConfigurationPlatforms) = postSolution
		{65659728-40AA-4641-9387-D212C2529516}.Debug|Any CPU.ActiveCfg = Debug|Any CPU
		{65659728-40AA-4641-9387-D212C2529516}.Debug|Any CPU.Build.0 = Debug|Any CPU
		{65659728-40AA-4641-9387-D212C2529516}.Debug|ARM.ActiveCfg = Debug|Any CPU
		{65659728-40AA-4641-9387-D212C2529516}.Debug|ARM.Build.0 = Debug|Any CPU
		{65659728-40AA-4641-9387-D212C2529516}.Debug|x64.ActiveCfg = Debug|Any CPU
		{65659728-40AA-4641-9387-D212C2529516}.Debug|x64.Build.0 = Debug|Any CPU
		{65659728-40AA-4641-9387-D212C2529516}.Debug|x86.ActiveCfg = Debug|Any CPU
		{65659728-40AA-4641-9387-D212C2529516}.Debug|x86.Build.0 = Debug|Any CPU
		{65659728-40AA-4641-9387-D212C2529516}.Release|Any CPU.ActiveCfg = Release|Any CPU
		{65659728-40AA-4641-9387-D212C2529516}.Release|Any CPU.Build.0 = Release|Any CPU
		{65659728-40AA-4641-9387-D212C2529516}.Release|ARM.ActiveCfg = Release|Any CPU
		{65659728-40AA-4641-9387-D212C2529516}.Release|ARM.Build.0 = Release|Any CPU
		{65659728-40AA-4641-9387-D212C2529516}.Release|x64.ActiveCfg = Release|Any CPU
		{65659728-40AA-4641-9387-D212C2529516}.Release|x64.Build.0 = Release|Any CPU
		{65659728-40AA-4641-9387-D212C2529516}.Release|x86.ActiveCfg = Release|Any CPU
		{65659728-40AA-4641-9387-D212C2529516}.Release|x86.Build.0 = Release|Any CPU
		{40DE15D0-5D94-471B-ACAF-AE7E8A465713}.Debug|Any CPU.ActiveCfg = Debug|Any CPU
		{40DE15D0-5D94-471B-ACAF-AE7E8A465713}.Debug|Any CPU.Build.0 = Debug|Any CPU
		{40DE15D0-5D94-471B-ACAF-AE7E8A465713}.Debug|ARM.ActiveCfg = Debug|Any CPU
		{40DE15D0-5D94-471B-ACAF-AE7E8A465713}.Debug|ARM.Build.0 = Debug|Any CPU
		{40DE15D0-5D94-471B-ACAF-AE7E8A465713}.Debug|x64.ActiveCfg = Debug|Any CPU
		{40DE15D0-5D94-471B-ACAF-AE7E8A465713}.Debug|x64.Build.0 = Debug|Any CPU
		{40DE15D0-5D94-471B-ACAF-AE7E8A465713}.Debug|x86.ActiveCfg = Debug|Any CPU
		{40DE15D0-5D94-471B-ACAF-AE7E8A465713}.Debug|x86.Build.0 = Debug|Any CPU
		{40DE15D0-5D94-471B-ACAF-AE7E8A465713}.Release|Any CPU.ActiveCfg = Release|Any CPU
		{40DE15D0-5D94-471B-ACAF-AE7E8A465713}.Release|Any CPU.Build.0 = Release|Any CPU
		{40DE15D0-5D94-471B-ACAF-AE7E8A465713}.Release|ARM.ActiveCfg = Release|Any CPU
		{40DE15D0-5D94-471B-ACAF-AE7E8A465713}.Release|ARM.Build.0 = Release|Any CPU
		{40DE15D0-5D94-471B-ACAF-AE7E8A465713}.Release|x64.ActiveCfg = Release|Any CPU
		{40DE15D0-5D94-471B-ACAF-AE7E8A465713}.Release|x64.Build.0 = Release|Any CPU
		{40DE15D0-5D94-471B-ACAF-AE7E8A465713}.Release|x86.ActiveCfg = Release|Any CPU
		{40DE15D0-5D94-471B-ACAF-AE7E8A465713}.Release|x86.Build.0 = Release|Any CPU
		{3ACE0168-D672-414C-957D-7561EF4E0E4F}.Debug|Any CPU.ActiveCfg = Debug|Any CPU
		{3ACE0168-D672-414C-957D-7561EF4E0E4F}.Debug|Any CPU.Build.0 = Debug|Any CPU
		{3ACE0168-D672-414C-957D-7561EF4E0E4F}.Debug|ARM.ActiveCfg = Debug|Any CPU
		{3ACE0168-D672-414C-957D-7561EF4E0E4F}.Debug|ARM.Build.0 = Debug|Any CPU
		{3ACE0168-D672-414C-957D-7561EF4E0E4F}.Debug|x64.ActiveCfg = Debug|Any CPU
		{3ACE0168-D672-414C-957D-7561EF4E0E4F}.Debug|x64.Build.0 = Debug|Any CPU
		{3ACE0168-D672-414C-957D-7561EF4E0E4F}.Debug|x86.ActiveCfg = Debug|Any CPU
		{3ACE0168-D672-414C-957D-7561EF4E0E4F}.Debug|x86.Build.0 = Debug|Any CPU
		{3ACE0168-D672-414C-957D-7561EF4E0E4F}.Release|Any CPU.ActiveCfg = Release|Any CPU
		{3ACE0168-D672-414C-957D-7561EF4E0E4F}.Release|Any CPU.Build.0 = Release|Any CPU
		{3ACE0168-D672-414C-957D-7561EF4E0E4F}.Release|ARM.ActiveCfg = Release|Any CPU
		{3ACE0168-D672-414C-957D-7561EF4E0E4F}.Release|ARM.Build.0 = Release|Any CPU
		{3ACE0168-D672-414C-957D-7561EF4E0E4F}.Release|x64.ActiveCfg = Release|Any CPU
		{3ACE0168-D672-414C-957D-7561EF4E0E4F}.Release|x64.Build.0 = Release|Any CPU
		{3ACE0168-D672-414C-957D-7561EF4E0E4F}.Release|x86.ActiveCfg = Release|Any CPU
		{3ACE0168-D672-414C-957D-7561EF4E0E4F}.Release|x86.Build.0 = Release|Any CPU
		{BAF94E69-CE42-4E7B-820F-DC396AB3D968}.Debug|Any CPU.ActiveCfg = Debug|Any CPU
		{BAF94E69-CE42-4E7B-820F-DC396AB3D968}.Debug|Any CPU.Build.0 = Debug|Any CPU
		{BAF94E69-CE42-4E7B-820F-DC396AB3D968}.Debug|ARM.ActiveCfg = Debug|Any CPU
		{BAF94E69-CE42-4E7B-820F-DC396AB3D968}.Debug|ARM.Build.0 = Debug|Any CPU
		{BAF94E69-CE42-4E7B-820F-DC396AB3D968}.Debug|x64.ActiveCfg = Debug|Any CPU
		{BAF94E69-CE42-4E7B-820F-DC396AB3D968}.Debug|x64.Build.0 = Debug|Any CPU
		{BAF94E69-CE42-4E7B-820F-DC396AB3D968}.Debug|x86.ActiveCfg = Debug|Any CPU
		{BAF94E69-CE42-4E7B-820F-DC396AB3D968}.Debug|x86.Build.0 = Debug|Any CPU
		{BAF94E69-CE42-4E7B-820F-DC396AB3D968}.Release|Any CPU.ActiveCfg = Release|Any CPU
		{BAF94E69-CE42-4E7B-820F-DC396AB3D968}.Release|Any CPU.Build.0 = Release|Any CPU
		{BAF94E69-CE42-4E7B-820F-DC396AB3D968}.Release|ARM.ActiveCfg = Release|Any CPU
		{BAF94E69-CE42-4E7B-820F-DC396AB3D968}.Release|ARM.Build.0 = Release|Any CPU
		{BAF94E69-CE42-4E7B-820F-DC396AB3D968}.Release|x64.ActiveCfg = Release|Any CPU
		{BAF94E69-CE42-4E7B-820F-DC396AB3D968}.Release|x64.Build.0 = Release|Any CPU
		{BAF94E69-CE42-4E7B-820F-DC396AB3D968}.Release|x86.ActiveCfg = Release|Any CPU
		{BAF94E69-CE42-4E7B-820F-DC396AB3D968}.Release|x86.Build.0 = Release|Any CPU
		{7C28E696-AA06-4DDC-B8FD-8DE642155839}.Debug|Any CPU.ActiveCfg = Debug|Any CPU
		{7C28E696-AA06-4DDC-B8FD-8DE642155839}.Debug|Any CPU.Build.0 = Debug|Any CPU
		{7C28E696-AA06-4DDC-B8FD-8DE642155839}.Debug|ARM.ActiveCfg = Debug|Any CPU
		{7C28E696-AA06-4DDC-B8FD-8DE642155839}.Debug|ARM.Build.0 = Debug|Any CPU
		{7C28E696-AA06-4DDC-B8FD-8DE642155839}.Debug|x64.ActiveCfg = Debug|Any CPU
		{7C28E696-AA06-4DDC-B8FD-8DE642155839}.Debug|x64.Build.0 = Debug|Any CPU
		{7C28E696-AA06-4DDC-B8FD-8DE642155839}.Debug|x86.ActiveCfg = Debug|Any CPU
		{7C28E696-AA06-4DDC-B8FD-8DE642155839}.Debug|x86.Build.0 = Debug|Any CPU
		{7C28E696-AA06-4DDC-B8FD-8DE642155839}.Release|Any CPU.ActiveCfg = Release|Any CPU
		{7C28E696-AA06-4DDC-B8FD-8DE642155839}.Release|Any CPU.Build.0 = Release|Any CPU
		{7C28E696-AA06-4DDC-B8FD-8DE642155839}.Release|ARM.ActiveCfg = Release|Any CPU
		{7C28E696-AA06-4DDC-B8FD-8DE642155839}.Release|ARM.Build.0 = Release|Any CPU
		{7C28E696-AA06-4DDC-B8FD-8DE642155839}.Release|x64.ActiveCfg = Release|Any CPU
		{7C28E696-AA06-4DDC-B8FD-8DE642155839}.Release|x64.Build.0 = Release|Any CPU
		{7C28E696-AA06-4DDC-B8FD-8DE642155839}.Release|x86.ActiveCfg = Release|Any CPU
		{7C28E696-AA06-4DDC-B8FD-8DE642155839}.Release|x86.Build.0 = Release|Any CPU
		{DBD3F813-0295-4085-8571-94EA65C37360}.Debug|Any CPU.ActiveCfg = Debug|Any CPU
		{DBD3F813-0295-4085-8571-94EA65C37360}.Debug|Any CPU.Build.0 = Debug|Any CPU
		{DBD3F813-0295-4085-8571-94EA65C37360}.Debug|ARM.ActiveCfg = Debug|Any CPU
		{DBD3F813-0295-4085-8571-94EA65C37360}.Debug|ARM.Build.0 = Debug|Any CPU
		{DBD3F813-0295-4085-8571-94EA65C37360}.Debug|x64.ActiveCfg = Debug|Any CPU
		{DBD3F813-0295-4085-8571-94EA65C37360}.Debug|x64.Build.0 = Debug|Any CPU
		{DBD3F813-0295-4085-8571-94EA65C37360}.Debug|x86.ActiveCfg = Debug|Any CPU
		{DBD3F813-0295-4085-8571-94EA65C37360}.Debug|x86.Build.0 = Debug|Any CPU
		{DBD3F813-0295-4085-8571-94EA65C37360}.Release|Any CPU.ActiveCfg = Release|Any CPU
		{DBD3F813-0295-4085-8571-94EA65C37360}.Release|Any CPU.Build.0 = Release|Any CPU
		{DBD3F813-0295-4085-8571-94EA65C37360}.Release|ARM.ActiveCfg = Release|Any CPU
		{DBD3F813-0295-4085-8571-94EA65C37360}.Release|ARM.Build.0 = Release|Any CPU
		{DBD3F813-0295-4085-8571-94EA65C37360}.Release|x64.ActiveCfg = Release|Any CPU
		{DBD3F813-0295-4085-8571-94EA65C37360}.Release|x64.Build.0 = Release|Any CPU
		{DBD3F813-0295-4085-8571-94EA65C37360}.Release|x86.ActiveCfg = Release|Any CPU
		{DBD3F813-0295-4085-8571-94EA65C37360}.Release|x86.Build.0 = Release|Any CPU
		{72537003-A6F5-45FF-AAA3-240855AAA223}.Debug|Any CPU.ActiveCfg = Debug|Any CPU
		{72537003-A6F5-45FF-AAA3-240855AAA223}.Debug|Any CPU.Build.0 = Debug|Any CPU
		{72537003-A6F5-45FF-AAA3-240855AAA223}.Debug|ARM.ActiveCfg = Debug|Any CPU
		{72537003-A6F5-45FF-AAA3-240855AAA223}.Debug|ARM.Build.0 = Debug|Any CPU
		{72537003-A6F5-45FF-AAA3-240855AAA223}.Debug|x64.ActiveCfg = Debug|Any CPU
		{72537003-A6F5-45FF-AAA3-240855AAA223}.Debug|x64.Build.0 = Debug|Any CPU
		{72537003-A6F5-45FF-AAA3-240855AAA223}.Debug|x86.ActiveCfg = Debug|Any CPU
		{72537003-A6F5-45FF-AAA3-240855AAA223}.Debug|x86.Build.0 = Debug|Any CPU
		{72537003-A6F5-45FF-AAA3-240855AAA223}.Release|Any CPU.ActiveCfg = Release|Any CPU
		{72537003-A6F5-45FF-AAA3-240855AAA223}.Release|Any CPU.Build.0 = Release|Any CPU
		{72537003-A6F5-45FF-AAA3-240855AAA223}.Release|ARM.ActiveCfg = Release|Any CPU
		{72537003-A6F5-45FF-AAA3-240855AAA223}.Release|ARM.Build.0 = Release|Any CPU
		{72537003-A6F5-45FF-AAA3-240855AAA223}.Release|x64.ActiveCfg = Release|Any CPU
		{72537003-A6F5-45FF-AAA3-240855AAA223}.Release|x64.Build.0 = Release|Any CPU
		{72537003-A6F5-45FF-AAA3-240855AAA223}.Release|x86.ActiveCfg = Release|Any CPU
		{72537003-A6F5-45FF-AAA3-240855AAA223}.Release|x86.Build.0 = Release|Any CPU
		{BA9236CA-8AFD-4A09-A3EF-DBD1ABE67934}.Debug|Any CPU.ActiveCfg = Debug|Any CPU
		{BA9236CA-8AFD-4A09-A3EF-DBD1ABE67934}.Debug|Any CPU.Build.0 = Debug|Any CPU
		{BA9236CA-8AFD-4A09-A3EF-DBD1ABE67934}.Debug|ARM.ActiveCfg = Debug|Any CPU
		{BA9236CA-8AFD-4A09-A3EF-DBD1ABE67934}.Debug|ARM.Build.0 = Debug|Any CPU
		{BA9236CA-8AFD-4A09-A3EF-DBD1ABE67934}.Debug|x64.ActiveCfg = Debug|Any CPU
		{BA9236CA-8AFD-4A09-A3EF-DBD1ABE67934}.Debug|x64.Build.0 = Debug|Any CPU
		{BA9236CA-8AFD-4A09-A3EF-DBD1ABE67934}.Debug|x86.ActiveCfg = Debug|Any CPU
		{BA9236CA-8AFD-4A09-A3EF-DBD1ABE67934}.Debug|x86.Build.0 = Debug|Any CPU
		{BA9236CA-8AFD-4A09-A3EF-DBD1ABE67934}.Release|Any CPU.ActiveCfg = Release|Any CPU
		{BA9236CA-8AFD-4A09-A3EF-DBD1ABE67934}.Release|Any CPU.Build.0 = Release|Any CPU
		{BA9236CA-8AFD-4A09-A3EF-DBD1ABE67934}.Release|ARM.ActiveCfg = Release|Any CPU
		{BA9236CA-8AFD-4A09-A3EF-DBD1ABE67934}.Release|ARM.Build.0 = Release|Any CPU
		{BA9236CA-8AFD-4A09-A3EF-DBD1ABE67934}.Release|x64.ActiveCfg = Release|Any CPU
		{BA9236CA-8AFD-4A09-A3EF-DBD1ABE67934}.Release|x64.Build.0 = Release|Any CPU
		{BA9236CA-8AFD-4A09-A3EF-DBD1ABE67934}.Release|x86.ActiveCfg = Release|Any CPU
		{BA9236CA-8AFD-4A09-A3EF-DBD1ABE67934}.Release|x86.Build.0 = Release|Any CPU
		{1438F079-5549-4189-9328-CE83B43C82DB}.Debug|Any CPU.ActiveCfg = Debug|Any CPU
		{1438F079-5549-4189-9328-CE83B43C82DB}.Debug|Any CPU.Build.0 = Debug|Any CPU
		{1438F079-5549-4189-9328-CE83B43C82DB}.Debug|ARM.ActiveCfg = Debug|Any CPU
		{1438F079-5549-4189-9328-CE83B43C82DB}.Debug|ARM.Build.0 = Debug|Any CPU
		{1438F079-5549-4189-9328-CE83B43C82DB}.Debug|x64.ActiveCfg = Debug|Any CPU
		{1438F079-5549-4189-9328-CE83B43C82DB}.Debug|x64.Build.0 = Debug|Any CPU
		{1438F079-5549-4189-9328-CE83B43C82DB}.Debug|x86.ActiveCfg = Debug|Any CPU
		{1438F079-5549-4189-9328-CE83B43C82DB}.Debug|x86.Build.0 = Debug|Any CPU
		{1438F079-5549-4189-9328-CE83B43C82DB}.Release|Any CPU.ActiveCfg = Release|Any CPU
		{1438F079-5549-4189-9328-CE83B43C82DB}.Release|Any CPU.Build.0 = Release|Any CPU
		{1438F079-5549-4189-9328-CE83B43C82DB}.Release|ARM.ActiveCfg = Release|Any CPU
		{1438F079-5549-4189-9328-CE83B43C82DB}.Release|ARM.Build.0 = Release|Any CPU
		{1438F079-5549-4189-9328-CE83B43C82DB}.Release|x64.ActiveCfg = Release|Any CPU
		{1438F079-5549-4189-9328-CE83B43C82DB}.Release|x64.Build.0 = Release|Any CPU
		{1438F079-5549-4189-9328-CE83B43C82DB}.Release|x86.ActiveCfg = Release|Any CPU
		{1438F079-5549-4189-9328-CE83B43C82DB}.Release|x86.Build.0 = Release|Any CPU
		{372743A4-D81E-44A6-82E5-861FAE0D333F}.Debug|Any CPU.ActiveCfg = Debug|Any CPU
		{372743A4-D81E-44A6-82E5-861FAE0D333F}.Debug|Any CPU.Build.0 = Debug|Any CPU
		{372743A4-D81E-44A6-82E5-861FAE0D333F}.Debug|ARM.ActiveCfg = Debug|Any CPU
		{372743A4-D81E-44A6-82E5-861FAE0D333F}.Debug|ARM.Build.0 = Debug|Any CPU
		{372743A4-D81E-44A6-82E5-861FAE0D333F}.Debug|x64.ActiveCfg = Debug|Any CPU
		{372743A4-D81E-44A6-82E5-861FAE0D333F}.Debug|x64.Build.0 = Debug|Any CPU
		{372743A4-D81E-44A6-82E5-861FAE0D333F}.Debug|x86.ActiveCfg = Debug|Any CPU
		{372743A4-D81E-44A6-82E5-861FAE0D333F}.Debug|x86.Build.0 = Debug|Any CPU
		{372743A4-D81E-44A6-82E5-861FAE0D333F}.Release|Any CPU.ActiveCfg = Release|Any CPU
		{372743A4-D81E-44A6-82E5-861FAE0D333F}.Release|Any CPU.Build.0 = Release|Any CPU
		{372743A4-D81E-44A6-82E5-861FAE0D333F}.Release|ARM.ActiveCfg = Release|Any CPU
		{372743A4-D81E-44A6-82E5-861FAE0D333F}.Release|ARM.Build.0 = Release|Any CPU
		{372743A4-D81E-44A6-82E5-861FAE0D333F}.Release|x64.ActiveCfg = Release|Any CPU
		{372743A4-D81E-44A6-82E5-861FAE0D333F}.Release|x64.Build.0 = Release|Any CPU
		{372743A4-D81E-44A6-82E5-861FAE0D333F}.Release|x86.ActiveCfg = Release|Any CPU
		{372743A4-D81E-44A6-82E5-861FAE0D333F}.Release|x86.Build.0 = Release|Any CPU
		{C0C5B106-5331-4CEE-A85B-858C600C0425}.Debug|Any CPU.ActiveCfg = Debug|Any CPU
		{C0C5B106-5331-4CEE-A85B-858C600C0425}.Debug|Any CPU.Build.0 = Debug|Any CPU
		{C0C5B106-5331-4CEE-A85B-858C600C0425}.Debug|ARM.ActiveCfg = Debug|Any CPU
		{C0C5B106-5331-4CEE-A85B-858C600C0425}.Debug|ARM.Build.0 = Debug|Any CPU
		{C0C5B106-5331-4CEE-A85B-858C600C0425}.Debug|x64.ActiveCfg = Debug|Any CPU
		{C0C5B106-5331-4CEE-A85B-858C600C0425}.Debug|x64.Build.0 = Debug|Any CPU
		{C0C5B106-5331-4CEE-A85B-858C600C0425}.Debug|x86.ActiveCfg = Debug|Any CPU
		{C0C5B106-5331-4CEE-A85B-858C600C0425}.Debug|x86.Build.0 = Debug|Any CPU
		{C0C5B106-5331-4CEE-A85B-858C600C0425}.Release|Any CPU.ActiveCfg = Release|Any CPU
		{C0C5B106-5331-4CEE-A85B-858C600C0425}.Release|Any CPU.Build.0 = Release|Any CPU
		{C0C5B106-5331-4CEE-A85B-858C600C0425}.Release|ARM.ActiveCfg = Release|Any CPU
		{C0C5B106-5331-4CEE-A85B-858C600C0425}.Release|ARM.Build.0 = Release|Any CPU
		{C0C5B106-5331-4CEE-A85B-858C600C0425}.Release|x64.ActiveCfg = Release|Any CPU
		{C0C5B106-5331-4CEE-A85B-858C600C0425}.Release|x64.Build.0 = Release|Any CPU
		{C0C5B106-5331-4CEE-A85B-858C600C0425}.Release|x86.ActiveCfg = Release|Any CPU
		{C0C5B106-5331-4CEE-A85B-858C600C0425}.Release|x86.Build.0 = Release|Any CPU
	EndGlobalSection
	GlobalSection(SolutionProperties) = preSolution
		HideSolutionNode = FALSE
	EndGlobalSection
	GlobalSection(ExtensibilityGlobals) = postSolution
		SolutionGuid = {9DD4F765-B264-40EA-8A3A-3F118CC09996}
	EndGlobalSection
EndGlobal
