
Microsoft Visual Studio Solution File, Format Version 12.00
# Visual Studio 15
VisualStudioVersion = 15.0.26730.16
MinimumVisualStudioVersion = 10.0.40219.1
Project("{9A19103F-16F7-4668-BE54-9A1E7A4F7556}") = "SimpleMvc.WebServer", "SimpleMvc.WebServer\SimpleMvc.WebServer.csproj", "{FD75BB89-AE0B-48D8-8AE2-511874D83640}"
EndProject
Project("{9A19103F-16F7-4668-BE54-9A1E7A4F7556}") = "SimpleMvc.Framework", "SimpleMvc.Framework\SimpleMvc.Framework.csproj", "{CD491187-A3DA-4858-8846-AD11C8F57858}"
EndProject
Project("{9A19103F-16F7-4668-BE54-9A1E7A4F7556}") = "SimpleMvc.App", "SimpleMvc.App\SimpleMvc.App.csproj", "{CDAEC2F3-0F6D-4E5C-AEC9-DF8C42D9D821}"
EndProject
Global
	GlobalSection(SolutionConfigurationPlatforms) = preSolution
		Debug|Any CPU = Debug|Any CPU
		Release|Any CPU = Release|Any CPU
	EndGlobalSection
	GlobalSection(ProjectConfigurationPlatforms) = postSolution
		{FD75BB89-AE0B-48D8-8AE2-511874D83640}.Debug|Any CPU.ActiveCfg = Debug|Any CPU
		{FD75BB89-AE0B-48D8-8AE2-511874D83640}.Debug|Any CPU.Build.0 = Debug|Any CPU
		{FD75BB89-AE0B-48D8-8AE2-511874D83640}.Release|Any CPU.ActiveCfg = Release|Any CPU
		{FD75BB89-AE0B-48D8-8AE2-511874D83640}.Release|Any CPU.Build.0 = Release|Any CPU
		{CD491187-A3DA-4858-8846-AD11C8F57858}.Debug|Any CPU.ActiveCfg = Debug|Any CPU
		{CD491187-A3DA-4858-8846-AD11C8F57858}.Debug|Any CPU.Build.0 = Debug|Any CPU
		{CD491187-A3DA-4858-8846-AD11C8F57858}.Release|Any CPU.ActiveCfg = Release|Any CPU
		{CD491187-A3DA-4858-8846-AD11C8F57858}.Release|Any CPU.Build.0 = Release|Any CPU
		{CDAEC2F3-0F6D-4E5C-AEC9-DF8C42D9D821}.Debug|Any CPU.ActiveCfg = Debug|Any CPU
		{CDAEC2F3-0F6D-4E5C-AEC9-DF8C42D9D821}.Debug|Any CPU.Build.0 = Debug|Any CPU
		{CDAEC2F3-0F6D-4E5C-AEC9-DF8C42D9D821}.Release|Any CPU.ActiveCfg = Release|Any CPU
		{CDAEC2F3-0F6D-4E5C-AEC9-DF8C42D9D821}.Release|Any CPU.Build.0 = Release|Any CPU
	EndGlobalSection
	GlobalSection(SolutionProperties) = preSolution
		HideSolutionNode = FALSE
	EndGlobalSection
	GlobalSection(ExtensibilityGlobals) = postSolution
		SolutionGuid = {3ABA898C-743A-4BCB-94FE-871C34896B4B}
	EndGlobalSection
EndGlobal
